github.com/gtkit/go-pay v1.4.0 h1:+FP9wqQ62Cp4SGaOHLIm+X3FRxTir4fR3C+cjYUOR9U=
github.com/gtkit/go-pay v1.4.0/go.mod h1:1KZXc2kUMepVN58FKMvATll59lM7q6mvTiEo5mT08GQ=
github.com/gtkit/orderflow v1.9.0 h1:UifVvXxP8tHsj5wNXj0m+Ri9owPpB8HDNHIBzJI+qfE=
github.com/gtkit/orderflow v1.9.0/go.mod h1:sgQkEDes6C5P9xqmEnRV2yDY9T/gqMGBNe+aQPKANDc=
